# THIS IS AN AUTOGENERATED FILE. DO NOT EDIT THIS FILE DIRECTLY.
# yarn lockfile v1


"gi-scss-global-variables@https://github.com/Goldinteractive/scss-global-variables":
  version "1.0.0"
  resolved "https://github.com/Goldinteractive/scss-global-variables#5926728222b8e5ac5ca16a7d15f367d6e50e63d8"

"gi-scss-mixins@https://github.com/Goldinteractive/scss-mixins":
  version "1.0.0"
  resolved "https://github.com/Goldinteractive/scss-mixins#f4ed3e03ea4f9b30ae2bd76dd541caf56bb2996a"

"gi-ui-buttons@https://github.com/Goldinteractive/ui-buttons":
  version "1.0.0"
  resolved "https://github.com/Goldinteractive/ui-buttons#6f66ae1c986dc7711c266ec56ccac3485ef61b43"
  dependencies:
    gi-scss-mixins "https://github.com/Goldinteractive/scss-mixins"

"gi-ui-checkbox@https://github.com/Goldinteractive/ui-checkbox":
  version "1.0.0"
  resolved "https://github.com/Goldinteractive/ui-checkbox#e75c159dfa59483e911dd0564e7ad34bd69a9462"
  dependencies:
    gi-scss-mixins "https://github.com/Goldinteractive/scss-mixins"

"gi-ui-textfield@https://github.com/Goldinteractive/ui-textfield":
  version "1.0.0"
  resolved "https://github.com/Goldinteractive/ui-textfield#eb1b38e0daf0b837b84dc4062c371ff98d1cee8c"
  dependencies:
    gi-scss-mixins "https://github.com/Goldinteractive/scss-mixins"

"ladda@https://github.com/hakimel/Ladda":
  version "2.0.1"
  resolved "https://github.com/hakimel/Ladda#1f4586f7a1f2043b3d027c8bf471d39d489da1b8"
  dependencies:
    spin.js "^4.0.0"

spin.js@^4.0.0:
  version "4.0.0"
  resolved "https://registry.yarnpkg.com/spin.js/-/spin.js-4.0.0.tgz#d6643232cc20b8d2c1b3ab6f0661178145b4dde8"

"ui-radio@https://github.com/Goldinteractive/ui-radio":
  version "0.0.0"
  resolved "https://github.com/Goldinteractive/ui-radio#863cc5c8df1391720f2c0b1aaa0536aab36afe9f"
